// !$*UTF8*$!
{
	archiveVersion = 1;
	classes = {
	};
	objectVersion = 46;
	objects = {

/* Begin PBXBuildFile section */
		6945BE9F19F05DE900780081 /* LoginViewController.swift in Sources */ = {isa = PBXBuildFile; fileRef = 6945BE9E19F05DE900780081 /* LoginViewController.swift */; };
		6989770319EF9D2C00BB169D /* AppDelegate.swift in Sources */ = {isa = PBXBuildFile; fileRef = 6989770219EF9D2C00BB169D /* AppDelegate.swift */; };
		6989770519EF9D2C00BB169D /* ViewController.swift in Sources */ = {isa = PBXBuildFile; fileRef = 6989770419EF9D2C00BB169D /* ViewController.swift */; };
		6989770819EF9D2C00BB169D /* Main.storyboard in Resources */ = {isa = PBXBuildFile; fileRef = 6989770619EF9D2C00BB169D /* Main.storyboard */; };
		6989770A19EF9D2C00BB169D /* Images.xcassets in Resources */ = {isa = PBXBuildFile; fileRef = 6989770919EF9D2C00BB169D /* Images.xcassets */; };
		6989770D19EF9D2C00BB169D /* LaunchScreen.xib in Resources */ = {isa = PBXBuildFile; fileRef = 6989770B19EF9D2C00BB169D /* LaunchScreen.xib */; };
		6989771919EF9D2C00BB169D /* LoginSampleTests.swift in Sources */ = {isa = PBXBuildFile; fileRef = 6989771819EF9D2C00BB169D /* LoginSampleTests.swift */; };
/* End PBXBuildFile section */

/* Begin PBXContainerItemProxy section */
		6989771319EF9D2C00BB169D /* PBXContainerItemProxy */ = {
			isa = PBXContainerItemProxy;
			containerPortal = 698976F519EF9D2C00BB169D /* Project object */;
			proxyType = 1;
			remoteGlobalIDString = 698976FC19EF9D2C00BB169D;
			remoteInfo = LoginSample;
		};
/* End PBXContainerItemProxy section */

/* Begin PBXFileReference section */
		6945BE9E19F05DE900780081 /* LoginViewController.swift */ = {isa = PBXFileReference; fileEncoding = 4; lastKnownFileType = sourcecode.swift; path = LoginViewController.swift; sourceTree = "<group>"; };
		698976FD19EF9D2C00BB169D /* LoginSample.app */ = {isa = PBXFileReference; explicitFileType = wrapper.application; includeInIndex = 0; path = LoginSample.app; sourceTree = BUILT_PRODUCTS_DIR; };
		6989770119EF9D2C00BB169D /* Info.plist */ = {isa = PBXFileReference; lastKnownFileType = text.plist.xml; path = Info.plist; sourceTree = "<group>"; };
		6989770219EF9D2C00BB169D /* AppDelegate.swift */ = {isa = PBXFileReference; lastKnownFileType = sourcecode.swift; path = AppDelegate.swift; sourceTree = "<group>"; };
		6989770419EF9D2C00BB169D /* ViewController.swift */ = {isa = PBXFileReference; lastKnownFileType = sourcecode.swift; path = ViewController.swift; sourceTree = "<group>"; };
		6989770719EF9D2C00BB169D /* Base */ = {isa = PBXFileReference; lastKnownFileType = file.storyboard; name = Base; path = Base.lproj/Main.storyboard; sourceTree = "<group>"; };
		6989770919EF9D2C00BB169D /* Images.xcassets */ = {isa = PBXFileReference; lastKnownFileType = folder.assetcatalog; path = Images.xcassets; sourceTree = "<group>"; };
		6989770C19EF9D2C00BB169D /* Base */ = {isa = PBXFileReference; lastKnownFileType = file.xib; name = Base; path = Base.lproj/LaunchScreen.xib; sourceTree = "<group>"; };
		6989771219EF9D2C00BB169D /* LoginSampleTests.xctest */ = {isa = PBXFileReference; explicitFileType = wrapper.cfbundle; includeInIndex = 0; path = LoginSampleTests.xctest; sourceTree = BUILT_PRODUCTS_DIR; };
		6989771719EF9D2C00BB169D /* Info.plist */ = {isa = PBXFileReference; lastKnownFileType = text.plist.xml; path = Info.plist; sourceTree = "<group>"; };
		6989771819EF9D2C00BB169D /* LoginSampleTests.swift */ = {isa = PBXFileReference; lastKnownFileType = sourcecode.swift; path = LoginSampleTests.swift; sourceTree = "<group>"; };
/* End PBXFileReference section */

/* Begin PBXFrameworksBuildPhase section */
		698976FA19EF9D2C00BB169D /* Frameworks */ = {
			isa = PBXFrameworksBuildPhase;
			buildActionMask = 2147483647;
			files = (
			);
			runOnlyForDeploymentPostprocessing = 0;
		};
		6989770F19EF9D2C00BB169D /* Frameworks */ = {
			isa = PBXFrameworksBuildPhase;
			buildActionMask = 2147483647;
			files = (
			);
			runOnlyForDeploymentPostprocessing = 0;
		};
/* End PBXFrameworksBuildPhase section */

/* Begin PBXGroup section */
		698976F419EF9D2C00BB169D = {
			isa = PBXGroup;
			children = (
				698976FF19EF9D2C00BB169D /* LoginSample */,
				6989771519EF9D2C00BB169D /* LoginSampleTests */,
				698976FE19EF9D2C00BB169D /* Products */,
			);
			sourceTree = "<group>";
		};
		698976FE19EF9D2C00BB169D /* Products */ = {
			isa = PBXGroup;
			children = (
				698976FD19EF9D2C00BB169D /* LoginSample.app */,
				6989771219EF9D2C00BB169D /* LoginSampleTests.xctest */,
			);
			name = Products;
			sourceTree = "<group>";
		};
		698976FF19EF9D2C00BB169D /* LoginSample */ = {
			isa = PBXGroup;
			children = (
				6989770219EF9D2C00BB169D /* AppDelegate.swift */,
				6989770419EF9D2C00BB169D /* ViewController.swift */,
				6989770619EF9D2C00BB169D /* Main.storyboard */,
				6989770919EF9D2C00BB169D /* Images.xcassets */,
				6989770B19EF9D2C00BB169D /* LaunchScreen.xib */,
				6989770019EF9D2C00BB169D /* Supporting Files */,
				6945BE9E19F05DE900780081 /* LoginViewController.swift */,
			);
			path = LoginSample;
			sourceTree = "<group>";
		};
		6989770019EF9D2C00BB169D /* Supporting Files */ = {
			isa = PBXGroup;
			children = (
				6989770119EF9D2C00BB169D /* Info.plist */,
			);
			name = "Supporting Files";
			sourceTree = "<group>";
		};
		6989771519EF9D2C00BB169D /* LoginSampleTests */ = {
			isa = PBXGroup;
			children = (
				6989771819EF9D2C00BB169D /* LoginSampleTests.swift */,
				6989771619EF9D2C00BB169D /* Supporting Files */,
			);
			path = LoginSampleTests;
			sourceTree = "<group>";
		};
		6989771619EF9D2C00BB169D /* Supporting Files */ = {
			isa = PBXGroup;
			children = (
				6989771719EF9D2C00BB169D /* Info.plist */,
			);
			name = "Supporting Files";
			sourceTree = "<group>";
		};
/* End PBXGroup section */

/* Begin PBXNativeTarget section */
		698976FC19EF9D2C00BB169D /* LoginSample */ = {
			isa = PBXNativeTarget;
			buildConfigurationList = 6989771C19EF9D2C00BB169D /* Build configuration list for PBXNativeTarget "LoginSample" */;
			buildPhases = (
				698976F919EF9D2C00BB169D /* Sources */,
				698976FA19EF9D2C00BB169D /* Frameworks */,
				698976FB19EF9D2C00BB169D /* Resources */,
			);
			buildRules = (
			);
			dependencies = (
			);
			name = LoginSample;
			productName = LoginSample;
			productReference = 698976FD19EF9D2C00BB169D /* LoginSample.app */;
			productType = "com.apple.product-type.application";
		};
		6989771119EF9D2C00BB169D /* LoginSampleTests */ = {
			isa = PBXNativeTarget;
			buildConfigurationList = 6989771F19EF9D2C00BB169D /* Build configuration list for PBXNativeTarget "LoginSampleTests" */;
			buildPhases = (
				6989770E19EF9D2C00BB169D /* Sources */,
				6989770F19EF9D2C00BB169D /* Frameworks */,
				6989771019EF9D2C00BB169D /* Resources */,
			);
			buildRules = (
			);
			dependencies = (
				6989771419EF9D2C00BB169D /* PBXTargetDependency */,
			);
			name = LoginSampleTests;
			productName = LoginSampleTests;
			productReference = 6989771219EF9D2C00BB169D /* LoginSampleTests.xctest */;
			productType = "com.apple.product-type.bundle.unit-test";
		};
/* End PBXNativeTarget section */

/* Begin PBXProject section */
		698976F519EF9D2C00BB169D /* Project object */ = {
			isa = PBXProject;
			attributes = {
				LastUpgradeCheck = 0600;
				ORGANIZATIONNAME = DeveloperDave;
				TargetAttributes = {
					698976FC19EF9D2C00BB169D = {
						CreatedOnToolsVersion = 6.0;
					};
					6989771119EF9D2C00BB169D = {
						CreatedOnToolsVersion = 6.0;
						TestTargetID = 698976FC19EF9D2C00BB169D;
					};
				};
			};
			buildConfigurationList = 698976F819EF9D2C00BB169D /* Build configuration list for PBXProject "LoginSample" */;
			compatibilityVersion = "Xcode 3.2";
			developmentRegion = English;
			hasScannedForEncodings = 0;
			knownRegions = (
				en,
				Base,
			);
			mainGroup = 698976F419EF9D2C00BB169D;
			productRefGroup = 698976FE19EF9D2C00BB169D /* Products */;
			projectDirPath = "";
			projectRoot = "";
			targets = (
				698976FC19EF9D2C00BB169D /* LoginSample */,
				6989771119EF9D2C00BB169D /* LoginSampleTests */,
			);
		};
/* End PBXProject section */

/* Begin PBXResourcesBuildPhase section */
		698976FB19EF9D2C00BB169D /* Resources */ = {
			isa = PBXResourcesBuildPhase;
			buildActionMask = 2147483647;
			files = (
				6989770819EF9D2C00BB169D /* Main.storyboard in Resources */,
				6989770D19EF9D2C00BB169D /* LaunchScreen.xib in Resources */,
				6989770A19EF9D2C00BB169D /* Images.xcassets in Resources */,
			);
			runOnlyForDeploymentPostprocessing = 0;
		};
		6989771019EF9D2C00BB169D /* Resources */ = {
			isa = PBXResourcesBuildPhase;
			buildActionMask = 2147483647;
			files = (
			);
			runOnlyForDeploymentPostprocessing = 0;
		};
/* End PBXResourcesBuildPhase section */

/* Begin PBXSourcesBuildPhase section */
		698976F919EF9D2C00BB169D /* Sources */ = {
			isa = PBXSourcesBuildPhase;
			buildActionMask = 2147483647;
			files = (
				6945BE9F19F05DE900780081 /* LoginViewController.swift in Sources */,
				6989770519EF9D2C00BB169D /* ViewController.swift in Sources */,
				6989770319EF9D2C00BB169D /* AppDelegate.swift in Sources */,
			);
			runOnlyForDeploymentPostprocessing = 0;
		};
		6989770E19EF9D2C00BB169D /* Sources */ = {
			isa = PBXSourcesBuildPhase;
			buildActionMask = 2147483647;
			files = (
				6989771919EF9D2C00BB169D /* LoginSampleTests.swift in Sources */,
			);
			runOnlyForDeploymentPostprocessing = 0;
		};
/* End PBXSourcesBuildPhase section */

/* Begin PBXTargetDependency section */
		6989771419EF9D2C00BB169D /* PBXTargetDependency */ = {
			isa = PBXTargetDependency;
			target = 698976FC19EF9D2C00BB169D /* LoginSample */;
			targetProxy = 6989771319EF9D2C00BB169D /* PBXContainerItemProxy */;
		};
/* End PBXTargetDependency section */

/* Begin PBXVariantGroup section */
		6989770619EF9D2C00BB169D /* Main.storyboard */ = {
			isa = PBXVariantGroup;
			children = (
				6989770719EF9D2C00BB169D /* Base */,
			);
			name = Main.storyboard;
			sourceTree = "<group>";
		};
		6989770B19EF9D2C00BB169D /* LaunchScreen.xib */ = {
			isa = PBXVariantGroup;
			children = (
				6989770C19EF9D2C00BB169D /* Base */,
			);
			name = LaunchScreen.xib;
			sourceTree = "<group>";
		};
/* End PBXVariantGroup section */

/* Begin XCBuildConfiguration section */
		6989771A19EF9D2C00BB169D /* Debug */ = {
			isa = XCBuildConfiguration;
			buildSettings = {
				ALWAYS_SEARCH_USER_PATHS = NO;
				CLANG_CXX_LANGUAGE_STANDARD = "gnu++0x";
				CLANG_CXX_LIBRARY = "libc++";
				CLANG_ENABLE_MODULES = YES;
				CLANG_ENABLE_OBJC_ARC = YES;
				CLANG_WARN_BOOL_CONVERSION = YES;
				CLANG_WARN_CONSTANT_CONVERSION = YES;
				CLANG_WARN_DIRECT_OBJC_ISA_USAGE = YES_ERROR;
				CLANG_WARN_EMPTY_BODY = YES;
				CLANG_WARN_ENUM_CONVERSION = YES;
				CLANG_WARN_INT_CONVERSION = YES;
				CLANG_WARN_OBJC_ROOT_CLASS = YES_ERROR;
				CLANG_WARN_UNREACHABLE_CODE = YES;
				CLANG_WARN__DUPLICATE_METHOD_MATCH = YES;
				"CODE_SIGN_IDENTITY[sdk=iphoneos*]" = "iPhone Developer";
				COPY_PHASE_STRIP = NO;
				ENABLE_STRICT_OBJC_MSGSEND = YES;
				GCC_C_LANGUAGE_STANDARD = gnu99;
				GCC_DYNAMIC_NO_PIC = NO;
				GCC_OPTIMIZATION_LEVEL = 0;
				GCC_PREPROCESSOR_DEFINITIONS = (
					"DEBUG=1",
					"$(inherited)",
				);
				GCC_SYMBOLS_PRIVATE_EXTERN = NO;
				GCC_WARN_64_TO_32_BIT_CONVERSION = YES;
				GCC_WARN_ABOUT_RETURN_TYPE = YES_ERROR;
				GCC_WARN_UNDECLARED_SELECTOR = YES;
				GCC_WARN_UNINITIALIZED_AUTOS = YES_AGGRESSIVE;
				GCC_WARN_UNUSED_FUNCTION = YES;
				GCC_WARN_UNUSED_VARIABLE = YES;
				IPHONEOS_DEPLOYMENT_TARGET = 8.0;
				MTL_ENABLE_DEBUG_INFO = YES;
				ONLY_ACTIVE_ARCH = YES;
				SDKROOT = iphoneos;
				SWIFT_OPTIMIZATION_LEVEL = "-Onone";
			};
			name = Debug;
		};
		6989771B19EF9D2C00BB169D /* Release */ = {
			isa = XCBuildConfiguration;
			buildSettings = {
				ALWAYS_SEARCH_USER_PATHS = NO;
				CLANG_CXX_LANGUAGE_STANDARD = "gnu++0x";
				CLANG_CXX_LIBRARY = "libc++";
				CLANG_ENABLE_MODULES = YES;
				CLANG_ENABLE_OBJC_ARC = YES;
				CLANG_WARN_BOOL_CONVERSION = YES;
				CLANG_WARN_CONSTANT_CONVERSION = YES;
				CLANG_WARN_DIRECT_OBJC_ISA_USAGE = YES_ERROR;
				CLANG_WARN_EMPTY_BODY = YES;
				CLANG_WARN_ENUM_CONVERSION = YES;
				CLANG_WARN_INT_CONVERSION = YES;
				CLANG_WARN_OBJC_ROOT_CLASS = YES_ERROR;
				CLANG_WARN_UNREACHABLE_CODE = YES;
				CLANG_WARN__DUPLICATE_METHOD_MATCH = YES;
				"CODE_SIGN_IDENTITY[sdk=iphoneos*]" = "iPhone Developer";
				COPY_PHASE_STRIP = YES;
				ENABLE_NS_ASSERTIONS = NO;
				ENABLE_STRICT_OBJC_MSGSEND = YES;
				GCC_C_LANGUAGE_STANDARD = gnu99;
				GCC_WARN_64_TO_32_BIT_CONVERSION = YES;
				GCC_WARN_ABOUT_RETURN_TYPE = YES_ERROR;
				GCC_WARN_UNDECLARED_SELECTOR = YES;
				GCC_WARN_UNINITIALIZED_AUTOS = YES_AGGRESSIVE;
				GCC_WARN_UNUSED_FUNCTION = YES;
				GCC_WARN_UNUSED_VARIABLE = YES;
				IPHONEOS_DEPLOYMENT_TARGET = 8.0;
				MTL_ENABLE_DEBUG_INFO = NO;
				SDKROOT = iphoneos;
				VALIDATE_PRODUCT = YES;
			};
			name = Release;
		};
		6989771D19EF9D2C00BB169D /* Debug */ = {
			isa = XCBuildConfiguration;
			buildSettings = {
				ASSETCATALOG_COMPILER_APPICON_NAME = AppIcon;
				INFOPLIST_FILE = LoginSample/Info.plist;
				LD_RUNPATH_SEARCH_PATHS = "$(inherited) @executable_path/Frameworks";
				PRODUCT_NAME = "$(TARGET_NAME)";
			};
			name = Debug;
		};
		6989771E19EF9D2C00BB169D /* Release */ = {
			isa = XCBuildConfiguration;
			buildSettings = {
				ASSETCATALOG_COMPILER_APPICON_NAME = AppIcon;
				INFOPLIST_FILE = LoginSample/Info.plist;
				LD_RUNPATH_SEARCH_PATHS = "$(inherited) @executable_path/Frameworks";
				PRODUCT_NAME = "$(TARGET_NAME)";
			};
			name = Release;
		};
		6989772019EF9D2C00BB169D /* Debug */ = {
			isa = XCBuildConfiguration;
			buildSettings = {
				BUNDLE_LOADER = "$(TEST_HOST)";
				FRAMEWORK_SEARCH_PATHS = (
					"$(SDKROOT)/Developer/Library/Frameworks",
					"$(inherited)",
				);
				GCC_PREPROCESSOR_DEFINITIONS = (
					"DEBUG=1",
					"$(inherited)",
				);
				INFOPLIST_FILE = LoginSampleTests/Info.plist;
				LD_RUNPATH_SEARCH_PATHS = "$(inherited) @executable_path/Frameworks @loader_path/Frameworks";
				PRODUCT_NAME = "$(TARGET_NAME)";
				TEST_HOST = "$(BUILT_PRODUCTS_DIR)/LoginSample.app/LoginSample";
			};
			name = Debug;
		};
		6989772119EF9D2C00BB169D /* Release */ = {
			isa = XCBuildConfiguration;
			buildSettings = {
				BUNDLE_LOADER = "$(TEST_HOST)";
				FRAMEWORK_SEARCH_PATHS = (
					"$(SDKROOT)/Developer/Library/Frameworks",
					"$(inherited)",
				);
				INFOPLIST_FILE = LoginSampleTests/Info.plist;
				LD_RUNPATH_SEARCH_PATHS = "$(inherited) @executable_path/Frameworks @loader_path/Frameworks";
				PRODUCT_NAME = "$(TARGET_NAME)";
				TEST_HOST = "$(BUILT_PRODUCTS_DIR)/LoginSample.app/LoginSample";
			};
			name = Release;
		};
/* End XCBuildConfiguration section */

/* Begin XCConfigurationList section */
		698976F819EF9D2C00BB169D /* Build configuration list for PBXProject "LoginSample" */ = {
			isa = XCConfigurationList;
			buildConfigurations = (
				6989771A19EF9D2C00BB169D /* Debug */,
				6989771B19EF9D2C00BB169D /* Release */,
			);
			defaultConfigurationIsVisible = 0;
			defaultConfigurationName = Release;
		};
		6989771C19EF9D2C00BB169D /* Build configuration list for PBXNativeTarget "LoginSample" */ = {
			isa = XCConfigurationList;
			buildConfigurations = (
				6989771D19EF9D2C00BB169D /* Debug */,
				6989771E19EF9D2C00BB169D /* Release */,
			);
			defaultConfigurationIsVisible = 0;
			defaultConfigurationName = Release;
		};
		6989771F19EF9D2C00BB169D /* Build configuration list for PBXNativeTarget "LoginSampleTests" */ = {
			isa = XCConfigurationList;
			buildConfigurations = (
				6989772019EF9D2C00BB169D /* Debug */,
				6989772119EF9D2C00BB169D /* Release */,
			);
			defaultConfigurationIsVisible = 0;
			defaultConfigurationName = Release;
		};
/* End XCConfigurationList section */
	};
	rootObject = 698976F519EF9D2C00BB169D /* Project object */;
}
